# This file is autogenerated, do not edit; changes may be undone by the next 'dep ensure'.


[[projects]]
  branch = "master"
  digest = "1:fc0802104acded1f48e4860a9f2db85b82b4a754fca9eae750ff4e8b8cdf2116"
  name = "code.cloudfoundry.org/clock"
  packages = ["."]
  pruneopts = ""
  revision = "02e53af36e6c978af692887ed449b74026d76fec"

[[projects]]
  branch = "master"
  digest = "1:e4b30804a381d7603b8a344009987c1ba351c26043501b23b8c7ce21f0b67474"
  name = "github.com/BurntSushi/toml"
  packages = ["."]
  pruneopts = ""
  revision = "3012a1dbe2e4bd1391d42b32f0577cb7bbc7f005"

[[projects]]
  digest = "1:debe400440582cfe5580591afd0f7fdef5b17a25945f06bd3087bc67b4b8fd03"
  name = "github.com/Masterminds/goutils"
  packages = ["."]
  pruneopts = ""
  revision = "41ac8693c5c10a92ea1ff5ac3a7f95646f6123b0"
  version = "v1.1.0"

[[projects]]
  digest = "1:b856d8248663c39265a764561c1a1a149783f6cc815feb54a1f3a591b91f6eca"
  name = "github.com/Masterminds/semver"
  packages = ["."]
  pruneopts = ""
  revision = "c7af12943936e8c39859482e61f0574c2fd7fc75"
  version = "v1.4.2"

[[projects]]
  digest = "1:844a29d20675e6187639c578b6c690d198aac895ede377ebcb5545405d0ef80d"
  name = "github.com/Masterminds/sprig"
  packages = ["."]
  pruneopts = ""
  revision = "9f8fceff796fb9f4e992cd2bece016be0121ab74"
  version = "2.19.0"

[[projects]]
  digest = "1:3bbc52193e15990417008b5d10f5f60b18b6bac0505c1fb5a391069cc4e57ce5"
  name = "github.com/Microsoft/ApplicationInsights-Go"
  packages = ["appinsights"]
  pruneopts = ""
  revision = "98ac7ca026c26818888600ea0d966987aa56f043"

[[projects]]
  branch = "master"
  digest = "1:f5ad80a0e8beb029c44ed3560619c3607535a23ef27aa7604b3b2faadeed8a4c"
  name = "github.com/abronan/valkeyrie"
  packages = ["store"]
  pruneopts = ""
  revision = "8fd1c7cad28d09867f22093de1bb6e9c2ff61299"

[[projects]]
  digest = "1:59df7ab87ddca233bb586ff32c6feba12bf787260f6694dc45ceecea9d3e1a7e"
  name = "github.com/cenk/backoff"
  packages = ["."]
  pruneopts = ""
  revision = "1e4cf3da559842a91afcb6ea6141451e6c30c618"
  version = "v2.1.1"

[[projects]]
  digest = "1:fd068f1f2b853a5f6091b0e3602e8973b4c170e284d8ae3290ba24ccfb762c47"
  name = "github.com/containous/flaeg"
  packages = [
    ".",
    "parse",
  ]
  pruneopts = ""
  revision = "c93d194b807ef171c43344d60adad8b58217390a"
  version = "v1.4.1"

[[projects]]
  branch = "master"
  digest = "1:852485553b46baee990ffd650582db98c4718faa38af6b9a9f279bb1967f5caf"
  name = "github.com/containous/mux"
  packages = ["."]
  pruneopts = ""
  revision = "c33f32e268983f989290677351b871b65da75ba5"

[[projects]]
  branch = "v1.7"
  digest = "1:be5fd3ee68c26b86b3b469ec695d31ee4d908cf207e787ebbdd3e98c118b25fe"
  name = "github.com/containous/traefik"
  packages = [
    "autogen/gentemplates",
    "job",
    "log",
    "provider",
    "provider/label",
    "safe",
    "tls",
    "tls/generate",
    "types",
  ]
  pruneopts = ""
  revision = "57ae9a80d5ccba29c8f566a8be4c27512727d9ac"

[[projects]]
  digest = "1:0deddd908b6b4b768cfc272c16ee61e7088a60f7fe2f06c547bd3d8e1f8b8e77"
  name = "github.com/davecgh/go-spew"
  packages = ["spew"]
  pruneopts = ""
  revision = "8991bc29aa16c548c550c7ff78260e27b9ab7c73"
  version = "v1.1.1"

[[projects]]
  digest = "1:ad92aa49f34cbc3546063c7eb2cabb55ee2278b72842eda80e2a20a8a06a8d73"
  name = "github.com/google/uuid"
  packages = ["."]
  pruneopts = ""
  revision = "0cd6bf5da1e1c83f8b45653022c74f71af0538a4"
  version = "v1.1.1"

[[projects]]
  digest = "1:dbbeb8ddb0be949954c8157ee8439c2adfd8dc1c9510eb44a6e58cb68c3dce28"
  name = "github.com/gorilla/context"
  packages = ["."]
  pruneopts = ""
  revision = "08b5f424b9271eedf6f9f0ce86cb9396ed337a42"
  version = "v1.1.1"

[[projects]]
  digest = "1:35979179658d20a73693589e67bdc3baf4dc0ef9f524b1dfd3cc55fb5f6ae384"
  name = "github.com/huandu/xstrings"
  packages = ["."]
  pruneopts = ""
  revision = "f02667b379e2fb5916c3cda2cf31e0eb885d79f8"
  version = "v1.2.0"

[[projects]]
  digest = "1:31bfd110d31505e9ffbc9478e31773bf05bf02adcaeb9b139af42684f9294c13"
  name = "github.com/imdario/mergo"
  packages = ["."]
  pruneopts = ""
  revision = "7c29201646fa3de8506f701213473dd407f19646"
  version = "v0.3.7"

[[projects]]
  branch = "master"
  digest = "1:1e9eec28f1a829b97868fcc3d733abf49bb5ac0ecdb2102a3b9ca49d2aefa325"
  name = "github.com/jjcollinge/logrus-appinsights"
  packages = ["."]
  pruneopts = ""
  revision = "9b66602d496a139e4722bdde32f0f1ac1c12d4a8"

[[projects]]
  digest = "1:cebdc70bfddcba5a018d20299f06ea8734aa251c71e6f5ded6d1feb0382724da"
  name = "github.com/jjcollinge/servicefabric"
  packages = ["."]
  pruneopts = ""
  revision = "8eebe170fa1ba25d3dfb928b3f86a7313b13b9fe"

[[projects]]
  digest = "1:0f51cee70b0d254dbc93c22666ea2abf211af81c1701a96d04e2284b408621db"
  name = "github.com/konsorten/go-windows-terminal-sequences"
  packages = ["."]
  pruneopts = ""
  revision = "f55edac94c9bbba5d6182a4be46d86a2c9b5b50e"
  version = "v1.0.2"

[[projects]]
  branch = "master"
  digest = "1:387d79bfe8a4f0f300a22d65782108a94861eecfe652ffff30e8f91857ad81bb"
  name = "github.com/mitchellh/hashstructure"
  packages = ["."]
  pruneopts = ""
  revision = "a38c50148365edc8df43c1580c48fb2b3a1e9cd7"

[[projects]]
  branch = "master"
  digest = "1:c5321c18190f47a3cee2e4c357dde460cd66b22b324b97a17fc5145d934f9d56"
  name = "github.com/ogier/pflag"
  packages = ["."]
  pruneopts = ""
  revision = "45c278ab3607870051a2ea9040bb85fcb8557481"

[[projects]]
  digest = "1:4c0404dc03d974acd5fcd8b8d3ce687b13bd169db032b89275e8b9d77b98ce8c"
  name = "github.com/patrickmn/go-cache"
  packages = ["."]
  pruneopts = ""
  revision = "a3647f8e31d79543b2d0f0ae2fe5c379d72cedc0"
  version = "v2.1.0"

[[projects]]
  digest = "1:256484dbbcd271f9ecebc6795b2df8cad4c458dd0f5fd82a8c2fa0c29f233411"
  name = "github.com/pmezard/go-difflib"
  packages = ["difflib"]
  pruneopts = ""
  revision = "792786c7400a136282c1664665ae0a8db921c6c2"
  version = "v1.0.0"

[[projects]]
  branch = "master"
  digest = "1:4244255905cb95c3c98894d671367f84a6292608ae528936fe46ba9c86f68393"
  name = "github.com/ryanuber/go-glob"
  packages = ["."]
  pruneopts = ""
  revision = "51a8f68e6c24dc43f1e371749c89a267de4ebc53"

[[projects]]
  digest = "1:b73fe282e350b3ef2c71d8ff08e929e0b9670b1bb5b7fde1d3c1b4cd6e6dc8b1"
  name = "github.com/sirupsen/logrus"
  packages = ["."]
  pruneopts = ""
  revision = "dae0fa8d5b0c810a8ab733fbd5510c7cae84eca4"
  version = "v1.4.0"

[[projects]]
  digest = "1:381bcbeb112a51493d9d998bbba207a529c73dbb49b3fd789e48c63fac1f192c"
  name = "github.com/stretchr/testify"
  packages = [
    "assert",
    "require",
  ]
  pruneopts = ""
  revision = "ffdc059bfe9ce6a4e144ba849dbedead332c6053"
  version = "v1.3.0"

[[projects]]
  branch = "master"
  digest = "1:36ef1d8645934b1744cc7d8726e00d3dd9d8d84c18617bf7367a3a6d532f3370"
  name = "golang.org/x/crypto"
  packages = [
    "pbkdf2",
    "scrypt",
    "ssh/terminal",
  ]
  pruneopts = ""
  revision = "a5d413f7728c81fb97d96a2b722368945f651e78"

[[projects]]
  branch = "master"
  digest = "1:919aaa36fe27d6fba3bea8067d0dea806269c45c8e5f329713eef4e2637dc2f4"
  name = "golang.org/x/sys"
  packages = [
    "unix",
    "windows",
  ]
  pruneopts = ""
  revision = "f49334f85ddcf0f08d7fb6dd7363e9e6d6b777eb"

[solve-meta]
  analyzer-name = "dep"
  analyzer-version = 1
  input-imports = [
    "github.com/cenk/backoff",
    "github.com/containous/flaeg",
    "github.com/containous/traefik/job",
    "github.com/containous/traefik/log",
    "github.com/containous/traefik/provider",
    "github.com/containous/traefik/provider/label",
    "github.com/containous/traefik/safe",
    "github.com/containous/traefik/types",
    "github.com/jjcollinge/logrus-appinsights",
    "github.com/jjcollinge/servicefabric",
    "github.com/stretchr/testify/assert",
    "github.com/stretchr/testify/require",
  ]
  solver-name = "gps-cdcl"
  solver-version = 1
