# This file is autogenerated, do not edit; changes may be undone by the next 'dep ensure'.


[[projects]]
  branch = "master"
  name = "code.cloudfoundry.org/clock"
  packages = ["."]
  revision = "e9dc86bbf0e5bbe6bf7ff5a6f71e048959b61f71"

[[projects]]
  branch = "master"
  name = "github.com/BurntSushi/toml"
  packages = ["."]
  revision = "a368813c5e648fee92e5f6c30e3944ff9d5e8895"

[[projects]]
  name = "github.com/Masterminds/semver"
  packages = ["."]
  revision = "15d8430ab86497c5c0da827b748823945e1cf1e1"
  version = "v1.4.0"

[[projects]]
  name = "github.com/Masterminds/sprig"
  packages = ["."]
  revision = "b217b9c388de2cacde4354c536e520c52c055563"
  version = "v2.14.1"

[[projects]]
  name = "github.com/Microsoft/ApplicationInsights-Go"
  packages = ["appinsights"]
  revision = "98ac7ca026c26818888600ea0d966987aa56f043"

[[projects]]
  branch = "master"
  name = "github.com/abronan/valkeyrie"
  packages = ["store"]
  revision = "063d875e3c5fd734fa2aa12fac83829f62acfc70"

[[projects]]
  name = "github.com/aokoli/goutils"
  packages = ["."]
  revision = "3391d3790d23d03408670993e957e8f408993c34"
  version = "v1.0.1"

[[projects]]
  name = "github.com/cenk/backoff"
  packages = ["."]
  revision = "1e4cf3da559842a91afcb6ea6141451e6c30c618"
  version = "v2.1.1"

[[projects]]
  name = "github.com/containous/flaeg"
  packages = [
    ".",
    "parse"
  ]
  revision = "b4c2f060875361c070ed2bc300c5929b82f5fa2e"
  version = "v1.1.2"

[[projects]]
  branch = "master"
  name = "github.com/containous/mux"
  packages = ["."]
  revision = "06ccd3e75091eb659b1d720cda0e16bc7057954c"

[[projects]]
  branch = "master"
  name = "github.com/containous/traefik"
  packages = [
    "autogen/gentemplates",
    "job",
    "log",
    "provider",
    "provider/label",
    "safe",
    "tls",
    "tls/generate",
    "types"
  ]
  revision = "031451abab2a5044d6f5b7d0f2c81cb7a605fe3c"

[[projects]]
  name = "github.com/davecgh/go-spew"
  packages = ["spew"]
  revision = "346938d642f2ec3594ed81d874461961cd0faa76"
  version = "v1.1.0"

[[projects]]
  name = "github.com/gorilla/context"
  packages = ["."]
  revision = "1ea25387ff6f684839d82767c1733ff4d4d15d0a"
  version = "v1.1"

[[projects]]
  name = "github.com/huandu/xstrings"
  packages = ["."]
  revision = "2bf18b218c51864a87384c06996e40ff9dcff8e1"
  version = "v1.0.0"

[[projects]]
  name = "github.com/imdario/mergo"
  packages = ["."]
  revision = "163f41321a19dd09362d4c63cc2489db2015f1f4"
  version = "0.3.2"

[[projects]]
  branch = "master"
  name = "github.com/jjcollinge/logrus-appinsights"
  packages = ["."]
  revision = "9b66602d496a139e4722bdde32f0f1ac1c12d4a8"

[[projects]]
  name = "github.com/jjcollinge/servicefabric"
  packages = ["."]
  revision = "8eebe170fa1ba25d3dfb928b3f86a7313b13b9fe"

[[projects]]
  branch = "master"
  name = "github.com/mitchellh/hashstructure"
  packages = ["."]
  revision = "2bca23e0e452137f789efbc8610126fd8b94f73b"

[[projects]]
  branch = "master"
  name = "github.com/ogier/pflag"
  packages = ["."]
  revision = "45c278ab3607870051a2ea9040bb85fcb8557481"

[[projects]]
  name = "github.com/patrickmn/go-cache"
  packages = ["."]
  revision = "a3647f8e31d79543b2d0f0ae2fe5c379d72cedc0"
  version = "v2.1.0"

[[projects]]
  name = "github.com/pmezard/go-difflib"
  packages = ["difflib"]
  revision = "792786c7400a136282c1664665ae0a8db921c6c2"
  version = "v1.0.0"

[[projects]]
  branch = "master"
  name = "github.com/ryanuber/go-glob"
  packages = ["."]
  revision = "256dc444b735e061061cf46c809487313d5b0065"

[[projects]]
  name = "github.com/satori/go.uuid"
  packages = ["."]
  revision = "f58768cc1a7a7e77a3bd49e98cdd21419399b6a3"
  version = "v1.2.0"

[[projects]]
  name = "github.com/sirupsen/logrus"
  packages = ["."]
  revision = "c155da19408a8799da419ed3eeb0cb5db0ad5dbc"
  version = "v1.0.5"

[[projects]]
  name = "github.com/stretchr/testify"
  packages = [
    "assert",
    "require"
  ]
  revision = "12b6f73e6084dad08a7c6e575284b177ecafbc71"
  version = "v1.2.1"

[[projects]]
  branch = "master"
  name = "golang.org/x/crypto"
  packages = [
    "pbkdf2",
    "scrypt",
    "ssh/terminal"
  ]
  revision = "80db560fac1fb3e6ac81dbc7f8ae4c061f5257bd"

[[projects]]
  branch = "master"
  name = "golang.org/x/sys"
  packages = [
    "unix",
    "windows"
  ]
  revision = "641605214e7dab930817f68e2fef560efbb033e5"

[solve-meta]
  analyzer-name = "dep"
  analyzer-version = 1
  inputs-digest = "21050e24d17adf7b8192064a8221bce56c560bcf9a40bf3c3887f744e27f2045"
  solver-name = "gps-cdcl"
  solver-version = 1
